
Microsoft Visual Studio Solution File, Format Version 12.00
# Visual Studio Version 16
VisualStudioVersion = 16.0.29519.181
MinimumVisualStudioVersion = 10.0.40219.1
Project("{FAE04EC0-301F-11D3-BF4B-00C04F79EFBC}") = "Sorts", "src\QuickSort\Sorts.csproj", "{61002B08-C711-4ACB-887B-E67801F8D190}"
EndProject
Project("{FAE04EC0-301F-11D3-BF4B-00C04F79EFBC}") = "SortsTests", "src\QuickSortTests\SortsTests.csproj", "{CD973E55-6EC3-47CA-836F-EC8D14BD0223}"
EndProject
Project("{2150E333-8FDC-42A3-9474-1A3956D46DE8}") = "src", "src", "{7BDC1F04-DAAB-4CA7-A608-BEB0B88B8393}"
EndProject
Project("{2150E333-8FDC-42A3-9474-1A3956D46DE8}") = "tests", "tests", "{46E8395D-E8E4-45AF-86C1-F387ABF64CBD}"
EndProject
Global
	GlobalSection(SolutionConfigurationPlatforms) = preSolution
		Debug|Any CPU = Debug|Any CPU
		Release|Any CPU = Release|Any CPU
	EndGlobalSection
	GlobalSection(ProjectConfigurationPlatforms) = postSolution
		{61002B08-C711-4ACB-887B-E67801F8D190}.Debug|Any CPU.ActiveCfg = Debug|Any CPU
		{61002B08-C711-4ACB-887B-E67801F8D190}.Debug|Any CPU.Build.0 = Debug|Any CPU
		{61002B08-C711-4ACB-887B-E67801F8D190}.Release|Any CPU.ActiveCfg = Release|Any CPU
		{61002B08-C711-4ACB-887B-E67801F8D190}.Release|Any CPU.Build.0 = Release|Any CPU
		{CD973E55-6EC3-47CA-836F-EC8D14BD0223}.Debug|Any CPU.ActiveCfg = Debug|Any CPU
		{CD973E55-6EC3-47CA-836F-EC8D14BD0223}.Debug|Any CPU.Build.0 = Debug|Any CPU
		{CD973E55-6EC3-47CA-836F-EC8D14BD0223}.Release|Any CPU.ActiveCfg = Release|Any CPU
		{CD973E55-6EC3-47CA-836F-EC8D14BD0223}.Release|Any CPU.Build.0 = Release|Any CPU
	EndGlobalSection
	GlobalSection(SolutionProperties) = preSolution
		HideSolutionNode = FALSE
	EndGlobalSection
	GlobalSection(NestedProjects) = preSolution
		{61002B08-C711-4ACB-887B-E67801F8D190} = {7BDC1F04-DAAB-4CA7-A608-BEB0B88B8393}
		{CD973E55-6EC3-47CA-836F-EC8D14BD0223} = {46E8395D-E8E4-45AF-86C1-F387ABF64CBD}
	EndGlobalSection
	GlobalSection(ExtensibilityGlobals) = postSolution
		SolutionGuid = {B1031649-D0FE-410C-94BF-0EC69DED1197}
	EndGlobalSection
EndGlobal
