
Microsoft Visual Studio Solution File, Format Version 12.00
# Visual Studio Version 16
VisualStudioVersion = 16.0.29319.158
MinimumVisualStudioVersion = 10.0.40219.1
Project("{9A19103F-16F7-4668-BE54-9A1E7A4F7556}") = "ConsoleApp1", "ConsoleApp1\ConsoleApp1.csproj", "{046F83B1-8DDD-49FE-A858-0B2FD65722E5}"
EndProject
Project("{FAE04EC0-301F-11D3-BF4B-00C04F79EFBC}") = "WindowsFormsApp1", "WindowsFormsApp1\WindowsFormsApp1.csproj", "{3B9C40BD-3AF7-4EB3-95BD-ABFDF7D879CB}"
EndProject
Global
	GlobalSection(SolutionConfigurationPlatforms) = preSolution
		Debug|Any CPU = Debug|Any CPU
		Release|Any CPU = Release|Any CPU
	EndGlobalSection
	GlobalSection(ProjectConfigurationPlatforms) = postSolution
		{046F83B1-8DDD-49FE-A858-0B2FD65722E5}.Debug|Any CPU.ActiveCfg = Debug|Any CPU
		{046F83B1-8DDD-49FE-A858-0B2FD65722E5}.Debug|Any CPU.Build.0 = Debug|Any CPU
		{046F83B1-8DDD-49FE-A858-0B2FD65722E5}.Release|Any CPU.ActiveCfg = Release|Any CPU
		{046F83B1-8DDD-49FE-A858-0B2FD65722E5}.Release|Any CPU.Build.0 = Release|Any CPU
		{3B9C40BD-3AF7-4EB3-95BD-ABFDF7D879CB}.Debug|Any CPU.ActiveCfg = Debug|Any CPU
		{3B9C40BD-3AF7-4EB3-95BD-ABFDF7D879CB}.Debug|Any CPU.Build.0 = Debug|Any CPU
		{3B9C40BD-3AF7-4EB3-95BD-ABFDF7D879CB}.Release|Any CPU.ActiveCfg = Release|Any CPU
		{3B9C40BD-3AF7-4EB3-95BD-ABFDF7D879CB}.Release|Any CPU.Build.0 = Release|Any CPU
	EndGlobalSection
	GlobalSection(SolutionProperties) = preSolution
		HideSolutionNode = FALSE
	EndGlobalSection
	GlobalSection(ExtensibilityGlobals) = postSolution
		SolutionGuid = {6AD0A4AD-117E-4BB1-B7FF-933331EC6D49}
	EndGlobalSection
EndGlobal
