
Microsoft Visual Studio Solution File, Format Version 12.00
# Visual Studio Version 16
VisualStudioVersion = 16.0.32929.386
MinimumVisualStudioVersion = 10.0.40219.1
Project("{FAE04EC0-301F-11D3-BF4B-00C04F79EFBC}") = "TemplateMethod", "src\TemplateMethod\TemplateMethod.csproj", "{FF17535E-615B-42BB-A0D9-089598440D3F}"
EndProject
Project("{FAE04EC0-301F-11D3-BF4B-00C04F79EFBC}") = "Mediator", "src\Mediator\Mediator.csproj", "{7AFC63C0-AE4B-4BCF-99B5-37FC48182A7B}"
EndProject
Project("{FAE04EC0-301F-11D3-BF4B-00C04F79EFBC}") = "IteratorPattern", "src\IteratorPattern\IteratorPattern.csproj", "{E2A05434-B8EA-423B-989F-17D87C4F8BB7}"
EndProject
Project("{FAE04EC0-301F-11D3-BF4B-00C04F79EFBC}") = "ObserverPattern", "src\ObserverPattern\ObserverPattern.csproj", "{A3830B16-F513-4422-8A24-3F722D7AF064}"
EndProject
Project("{FAE04EC0-301F-11D3-BF4B-00C04F79EFBC}") = "VisitorPattern", "src\VisitorPattern\VisitorPattern.csproj", "{78C2B67B-9B4E-49A0-95E2-26963BCC266B}"
EndProject
Project("{FAE04EC0-301F-11D3-BF4B-00C04F79EFBC}") = "CommandPattern", "src\CommandPattern\CommandPattern.csproj", "{9C715E73-410B-4232-A42C-24978322C370}"
EndProject
Project("{FAE04EC0-301F-11D3-BF4B-00C04F79EFBC}") = "StatePattern", "src\StatePattern\StatePattern.csproj", "{532A21D4-4013-46AE-9AB7-6EAE0F5C9100}"
EndProject
Project("{FAE04EC0-301F-11D3-BF4B-00C04F79EFBC}") = "ChainOfResponsibilityPattern", "src\ChainOfResponsibilityPattern\ChainOfResponsibilityPattern.csproj", "{2681B00C-C616-41AC-85C2-7F0726AC842A}"
EndProject
Project("{2150E333-8FDC-42A3-9474-1A3956D46DE8}") = "BehavioralPatterns", "BehavioralPatterns", "{BF5269BC-237C-4627-A995-DA2E71AA6AF5}"
EndProject
Project("{2150E333-8FDC-42A3-9474-1A3956D46DE8}") = "CreationalPatterns", "CreationalPatterns", "{7AFDC7A4-44CC-42D8-928E-3EEA7D3D6DCD}"
EndProject
Project("{FAE04EC0-301F-11D3-BF4B-00C04F79EFBC}") = "SingletonPattern", "src\SingletonPattern\SingletonPattern.csproj", "{3FF7B876-3F8B-4DE7-AF7C-106ED50BD5FF}"
EndProject
Project("{FAE04EC0-301F-11D3-BF4B-00C04F79EFBC}") = "PrototypePattern", "src\PrototypePattern\PrototypePattern.csproj", "{8ADF191B-1A0B-4285-89DE-FB253EA0EB84}"
EndProject
Project("{FAE04EC0-301F-11D3-BF4B-00C04F79EFBC}") = "FactoryMethodPattern", "src\FactoryMethodPattern\FactoryMethodPattern.csproj", "{A3F52BB3-08C2-4CC1-9A01-65895704F2B7}"
EndProject
Project("{FAE04EC0-301F-11D3-BF4B-00C04F79EFBC}") = "BuilderPattern", "src\BuilderPattern\BuilderPattern.csproj", "{B8A15E3A-2F5B-4B6E-92C1-D4A4CADE1D51}"
EndProject
Project("{FAE04EC0-301F-11D3-BF4B-00C04F79EFBC}") = "AbstractFactoryPattern", "src\AbstractFactoryPattern\AbstractFactoryPattern.csproj", "{6A22FF4D-CA03-43D4-B69C-073A903A9AD5}"
EndProject
Global
	GlobalSection(SolutionConfigurationPlatforms) = preSolution
		Debug|Any CPU = Debug|Any CPU
		Release|Any CPU = Release|Any CPU
	EndGlobalSection
	GlobalSection(ProjectConfigurationPlatforms) = postSolution
		{FF17535E-615B-42BB-A0D9-089598440D3F}.Debug|Any CPU.ActiveCfg = Debug|Any CPU
		{FF17535E-615B-42BB-A0D9-089598440D3F}.Debug|Any CPU.Build.0 = Debug|Any CPU
		{FF17535E-615B-42BB-A0D9-089598440D3F}.Release|Any CPU.ActiveCfg = Release|Any CPU
		{FF17535E-615B-42BB-A0D9-089598440D3F}.Release|Any CPU.Build.0 = Release|Any CPU
		{7AFC63C0-AE4B-4BCF-99B5-37FC48182A7B}.Debug|Any CPU.ActiveCfg = Debug|Any CPU
		{7AFC63C0-AE4B-4BCF-99B5-37FC48182A7B}.Debug|Any CPU.Build.0 = Debug|Any CPU
		{7AFC63C0-AE4B-4BCF-99B5-37FC48182A7B}.Release|Any CPU.ActiveCfg = Release|Any CPU
		{7AFC63C0-AE4B-4BCF-99B5-37FC48182A7B}.Release|Any CPU.Build.0 = Release|Any CPU
		{E2A05434-B8EA-423B-989F-17D87C4F8BB7}.Debug|Any CPU.ActiveCfg = Debug|Any CPU
		{E2A05434-B8EA-423B-989F-17D87C4F8BB7}.Debug|Any CPU.Build.0 = Debug|Any CPU
		{E2A05434-B8EA-423B-989F-17D87C4F8BB7}.Release|Any CPU.ActiveCfg = Release|Any CPU
		{E2A05434-B8EA-423B-989F-17D87C4F8BB7}.Release|Any CPU.Build.0 = Release|Any CPU
		{A3830B16-F513-4422-8A24-3F722D7AF064}.Debug|Any CPU.ActiveCfg = Debug|Any CPU
		{A3830B16-F513-4422-8A24-3F722D7AF064}.Debug|Any CPU.Build.0 = Debug|Any CPU
		{A3830B16-F513-4422-8A24-3F722D7AF064}.Release|Any CPU.ActiveCfg = Release|Any CPU
		{A3830B16-F513-4422-8A24-3F722D7AF064}.Release|Any CPU.Build.0 = Release|Any CPU
		{78C2B67B-9B4E-49A0-95E2-26963BCC266B}.Debug|Any CPU.ActiveCfg = Debug|Any CPU
		{78C2B67B-9B4E-49A0-95E2-26963BCC266B}.Debug|Any CPU.Build.0 = Debug|Any CPU
		{78C2B67B-9B4E-49A0-95E2-26963BCC266B}.Release|Any CPU.ActiveCfg = Release|Any CPU
		{78C2B67B-9B4E-49A0-95E2-26963BCC266B}.Release|Any CPU.Build.0 = Release|Any CPU
		{9C715E73-410B-4232-A42C-24978322C370}.Debug|Any CPU.ActiveCfg = Debug|Any CPU
		{9C715E73-410B-4232-A42C-24978322C370}.Debug|Any CPU.Build.0 = Debug|Any CPU
		{9C715E73-410B-4232-A42C-24978322C370}.Release|Any CPU.ActiveCfg = Release|Any CPU
		{9C715E73-410B-4232-A42C-24978322C370}.Release|Any CPU.Build.0 = Release|Any CPU
		{532A21D4-4013-46AE-9AB7-6EAE0F5C9100}.Debug|Any CPU.ActiveCfg = Debug|Any CPU
		{532A21D4-4013-46AE-9AB7-6EAE0F5C9100}.Debug|Any CPU.Build.0 = Debug|Any CPU
		{532A21D4-4013-46AE-9AB7-6EAE0F5C9100}.Release|Any CPU.ActiveCfg = Release|Any CPU
		{532A21D4-4013-46AE-9AB7-6EAE0F5C9100}.Release|Any CPU.Build.0 = Release|Any CPU
		{2681B00C-C616-41AC-85C2-7F0726AC842A}.Debug|Any CPU.ActiveCfg = Debug|Any CPU
		{2681B00C-C616-41AC-85C2-7F0726AC842A}.Debug|Any CPU.Build.0 = Debug|Any CPU
		{2681B00C-C616-41AC-85C2-7F0726AC842A}.Release|Any CPU.ActiveCfg = Release|Any CPU
		{2681B00C-C616-41AC-85C2-7F0726AC842A}.Release|Any CPU.Build.0 = Release|Any CPU
		{3FF7B876-3F8B-4DE7-AF7C-106ED50BD5FF}.Debug|Any CPU.ActiveCfg = Debug|Any CPU
		{3FF7B876-3F8B-4DE7-AF7C-106ED50BD5FF}.Debug|Any CPU.Build.0 = Debug|Any CPU
		{3FF7B876-3F8B-4DE7-AF7C-106ED50BD5FF}.Release|Any CPU.ActiveCfg = Release|Any CPU
		{3FF7B876-3F8B-4DE7-AF7C-106ED50BD5FF}.Release|Any CPU.Build.0 = Release|Any CPU
		{8ADF191B-1A0B-4285-89DE-FB253EA0EB84}.Debug|Any CPU.ActiveCfg = Debug|Any CPU
		{8ADF191B-1A0B-4285-89DE-FB253EA0EB84}.Debug|Any CPU.Build.0 = Debug|Any CPU
		{8ADF191B-1A0B-4285-89DE-FB253EA0EB84}.Release|Any CPU.ActiveCfg = Release|Any CPU
		{8ADF191B-1A0B-4285-89DE-FB253EA0EB84}.Release|Any CPU.Build.0 = Release|Any CPU
		{A3F52BB3-08C2-4CC1-9A01-65895704F2B7}.Debug|Any CPU.ActiveCfg = Debug|Any CPU
		{A3F52BB3-08C2-4CC1-9A01-65895704F2B7}.Debug|Any CPU.Build.0 = Debug|Any CPU
		{A3F52BB3-08C2-4CC1-9A01-65895704F2B7}.Release|Any CPU.ActiveCfg = Release|Any CPU
		{A3F52BB3-08C2-4CC1-9A01-65895704F2B7}.Release|Any CPU.Build.0 = Release|Any CPU
		{B8A15E3A-2F5B-4B6E-92C1-D4A4CADE1D51}.Debug|Any CPU.ActiveCfg = Debug|Any CPU
		{B8A15E3A-2F5B-4B6E-92C1-D4A4CADE1D51}.Debug|Any CPU.Build.0 = Debug|Any CPU
		{B8A15E3A-2F5B-4B6E-92C1-D4A4CADE1D51}.Release|Any CPU.ActiveCfg = Release|Any CPU
		{B8A15E3A-2F5B-4B6E-92C1-D4A4CADE1D51}.Release|Any CPU.Build.0 = Release|Any CPU
		{6A22FF4D-CA03-43D4-B69C-073A903A9AD5}.Debug|Any CPU.ActiveCfg = Debug|Any CPU
		{6A22FF4D-CA03-43D4-B69C-073A903A9AD5}.Debug|Any CPU.Build.0 = Debug|Any CPU
		{6A22FF4D-CA03-43D4-B69C-073A903A9AD5}.Release|Any CPU.ActiveCfg = Release|Any CPU
		{6A22FF4D-CA03-43D4-B69C-073A903A9AD5}.Release|Any CPU.Build.0 = Release|Any CPU
	EndGlobalSection
	GlobalSection(SolutionProperties) = preSolution
		HideSolutionNode = FALSE
	EndGlobalSection
	GlobalSection(NestedProjects) = preSolution
		{FF17535E-615B-42BB-A0D9-089598440D3F} = {BF5269BC-237C-4627-A995-DA2E71AA6AF5}
		{7AFC63C0-AE4B-4BCF-99B5-37FC48182A7B} = {BF5269BC-237C-4627-A995-DA2E71AA6AF5}
		{E2A05434-B8EA-423B-989F-17D87C4F8BB7} = {BF5269BC-237C-4627-A995-DA2E71AA6AF5}
		{A3830B16-F513-4422-8A24-3F722D7AF064} = {BF5269BC-237C-4627-A995-DA2E71AA6AF5}
		{78C2B67B-9B4E-49A0-95E2-26963BCC266B} = {BF5269BC-237C-4627-A995-DA2E71AA6AF5}
		{9C715E73-410B-4232-A42C-24978322C370} = {BF5269BC-237C-4627-A995-DA2E71AA6AF5}
		{532A21D4-4013-46AE-9AB7-6EAE0F5C9100} = {BF5269BC-237C-4627-A995-DA2E71AA6AF5}
		{2681B00C-C616-41AC-85C2-7F0726AC842A} = {BF5269BC-237C-4627-A995-DA2E71AA6AF5}
		{3FF7B876-3F8B-4DE7-AF7C-106ED50BD5FF} = {7AFDC7A4-44CC-42D8-928E-3EEA7D3D6DCD}
		{8ADF191B-1A0B-4285-89DE-FB253EA0EB84} = {7AFDC7A4-44CC-42D8-928E-3EEA7D3D6DCD}
		{A3F52BB3-08C2-4CC1-9A01-65895704F2B7} = {7AFDC7A4-44CC-42D8-928E-3EEA7D3D6DCD}
		{B8A15E3A-2F5B-4B6E-92C1-D4A4CADE1D51} = {7AFDC7A4-44CC-42D8-928E-3EEA7D3D6DCD}
		{6A22FF4D-CA03-43D4-B69C-073A903A9AD5} = {7AFDC7A4-44CC-42D8-928E-3EEA7D3D6DCD}
	EndGlobalSection
	GlobalSection(ExtensibilityGlobals) = postSolution
		SolutionGuid = {14451415-EF17-41D2-83A2-4E878A374C0A}
	EndGlobalSection
EndGlobal
